
Microsoft Visual Studio Solution File, Format Version 12.00
# Visual Studio Version 16
VisualStudioVersion = 25.0.1700.0
MinimumVisualStudioVersion = 10.0.40219.1
Project("{FAE04EC0-301F-11D3-BF4B-00C04F79EFBC}") = "HarryPotterSortingHat.Web", "HarryPotterSortingHat.Web\HarryPotterSortingHat.Web.csproj", "{9181547A-E9B2-4A2F-A1F1-0F88FC63274E}"
EndProject
Global
	GlobalSection(SolutionConfigurationPlatforms) = preSolution
		Debug|Any CPU = Debug|Any CPU
		Release|Any CPU = Release|Any CPU
	EndGlobalSection
	GlobalSection(ProjectConfigurationPlatforms) = postSolution
		{9181547A-E9B2-4A2F-A1F1-0F88FC63274E}.Debug|Any CPU.ActiveCfg = Debug|Any CPU
		{9181547A-E9B2-4A2F-A1F1-0F88FC63274E}.Debug|Any CPU.Build.0 = Debug|Any CPU
		{9181547A-E9B2-4A2F-A1F1-0F88FC63274E}.Release|Any CPU.ActiveCfg = Release|Any CPU
		{9181547A-E9B2-4A2F-A1F1-0F88FC63274E}.Release|Any CPU.Build.0 = Release|Any CPU
	EndGlobalSection
	GlobalSection(SolutionProperties) = preSolution
		HideSolutionNode = FALSE
	EndGlobalSection
	GlobalSection(ExtensibilityGlobals) = postSolution
		SolutionGuid = {3B3CEE6F-ACAE-42DD-9BD3-1AB60D75B0D0}
	EndGlobalSection
EndGlobal
