
Microsoft Visual Studio Solution File, Format Version 12.00
# Visual Studio Version 16
VisualStudioVersion = 25.0.1700.0
MinimumVisualStudioVersion = 10.0.40219.1
Project("{FAE04EC0-301F-11D3-BF4B-00C04F79EFBC}") = "HarryPotter_SortingHat", "HarryPotter_SortingHat\HarryPotter_SortingHat.csproj", "{C409E8D6-16A1-4331-AA56-0BD7E3265054}"
EndProject
Global
	GlobalSection(SolutionConfigurationPlatforms) = preSolution
		Debug|Any CPU = Debug|Any CPU
		Release|Any CPU = Release|Any CPU
	EndGlobalSection
	GlobalSection(ProjectConfigurationPlatforms) = postSolution
		{C409E8D6-16A1-4331-AA56-0BD7E3265054}.Debug|Any CPU.ActiveCfg = Debug|Any CPU
		{C409E8D6-16A1-4331-AA56-0BD7E3265054}.Debug|Any CPU.Build.0 = Debug|Any CPU
		{C409E8D6-16A1-4331-AA56-0BD7E3265054}.Release|Any CPU.ActiveCfg = Release|Any CPU
		{C409E8D6-16A1-4331-AA56-0BD7E3265054}.Release|Any CPU.Build.0 = Release|Any CPU
	EndGlobalSection
	GlobalSection(SolutionProperties) = preSolution
		HideSolutionNode = FALSE
	EndGlobalSection
	GlobalSection(ExtensibilityGlobals) = postSolution
		SolutionGuid = {3B3CEE6F-ACAE-42DD-9BD3-1AB60D75B0D0}
	EndGlobalSection
EndGlobal
